
Microsoft Visual Studio Solution File, Format Version 12.00
# Visual Studio 15
VisualStudioVersion = 15.0.33801.198
MinimumVisualStudioVersion = 10.0.40219.1
Project("{FAE04EC0-301F-11D3-BF4B-00C04F79EFBC}") = "UDP CLIEN 2", "UDP CLIEN 2\UDP CLIEN 2.csproj", "{5285426D-DDED-4E6E-A565-C630B99F061A}"
EndProject
Global
	GlobalSection(SolutionConfigurationPlatforms) = preSolution
		Debug|Any CPU = Debug|Any CPU
		Release|Any CPU = Release|Any CPU
	EndGlobalSection
	GlobalSection(ProjectConfigurationPlatforms) = postSolution
		{5285426D-DDED-4E6E-A565-C630B99F061A}.Debug|Any CPU.ActiveCfg = Debug|Any CPU
		{5285426D-DDED-4E6E-A565-C630B99F061A}.Debug|Any CPU.Build.0 = Debug|Any CPU
		{5285426D-DDED-4E6E-A565-C630B99F061A}.Release|Any CPU.ActiveCfg = Release|Any CPU
		{5285426D-DDED-4E6E-A565-C630B99F061A}.Release|Any CPU.Build.0 = Release|Any CPU
	EndGlobalSection
	GlobalSection(SolutionProperties) = preSolution
		HideSolutionNode = FALSE
	EndGlobalSection
	GlobalSection(ExtensibilityGlobals) = postSolution
		SolutionGuid = {263AB941-5138-4735-8A2C-A6716B3BBBDA}
	EndGlobalSection
EndGlobal
